
Microsoft Visual Studio Solution File, Format Version 12.00
# Visual Studio 15
VisualStudioVersion = 15.0.28010.2046
MinimumVisualStudioVersion = 10.0.40219.1
Project("{9A19103F-16F7-4668-BE54-9A1E7A4F7556}") = "ErrorTest", "ErrorTest\ErrorTest.csproj", "{78B86C64-50F0-41FD-B8FD-493D93F0CE35}"
EndProject
Project("{9A19103F-16F7-4668-BE54-9A1E7A4F7556}") = "ErrorTest.Domain", "ErroTest.Domain\ErrorTest.Domain.csproj", "{1D148126-C511-4E99-BF82-54EA30DA11B4}"
EndProject
Project("{FAE04EC0-301F-11D3-BF4B-00C04F79EFBC}") = "Test", "Test\Test.csproj", "{75481492-3142-4A16-A5C0-4B32301C28F2}"
EndProject
Global
	GlobalSection(SolutionConfigurationPlatforms) = preSolution
		Debug|Any CPU = Debug|Any CPU
		Release|Any CPU = Release|Any CPU
	EndGlobalSection
	GlobalSection(ProjectConfigurationPlatforms) = postSolution
		{78B86C64-50F0-41FD-B8FD-493D93F0CE35}.Debug|Any CPU.ActiveCfg = Debug|Any CPU
		{78B86C64-50F0-41FD-B8FD-493D93F0CE35}.Debug|Any CPU.Build.0 = Debug|Any CPU
		{78B86C64-50F0-41FD-B8FD-493D93F0CE35}.Release|Any CPU.ActiveCfg = Release|Any CPU
		{78B86C64-50F0-41FD-B8FD-493D93F0CE35}.Release|Any CPU.Build.0 = Release|Any CPU
		{1D148126-C511-4E99-BF82-54EA30DA11B4}.Debug|Any CPU.ActiveCfg = Debug|Any CPU
		{1D148126-C511-4E99-BF82-54EA30DA11B4}.Debug|Any CPU.Build.0 = Debug|Any CPU
		{1D148126-C511-4E99-BF82-54EA30DA11B4}.Release|Any CPU.ActiveCfg = Release|Any CPU
		{1D148126-C511-4E99-BF82-54EA30DA11B4}.Release|Any CPU.Build.0 = Release|Any CPU
		{75481492-3142-4A16-A5C0-4B32301C28F2}.Debug|Any CPU.ActiveCfg = Debug|Any CPU
		{75481492-3142-4A16-A5C0-4B32301C28F2}.Debug|Any CPU.Build.0 = Debug|Any CPU
		{75481492-3142-4A16-A5C0-4B32301C28F2}.Release|Any CPU.ActiveCfg = Release|Any CPU
		{75481492-3142-4A16-A5C0-4B32301C28F2}.Release|Any CPU.Build.0 = Release|Any CPU
	EndGlobalSection
	GlobalSection(SolutionProperties) = preSolution
		HideSolutionNode = FALSE
	EndGlobalSection
	GlobalSection(ExtensibilityGlobals) = postSolution
		SolutionGuid = {176DF5DF-8D46-4AE9-BFA9-350A3D42F5C9}
	EndGlobalSection
EndGlobal
